
Microsoft Visual Studio Solution File, Format Version 12.00
# Visual Studio Version 16
VisualStudioVersion = 25.0.1703.6
MinimumVisualStudioVersion = 10.0.40219.1
Project("{FAE04EC0-301F-11D3-BF4B-00C04F79EFBC}") = "LibraryMS", "LibraryMS\LibraryMS.csproj", "{5255DB08-BDD4-4C77-AE6A-0342E8946DF3}"
EndProject
Global
	GlobalSection(SolutionConfigurationPlatforms) = preSolution
		Debug|Any CPU = Debug|Any CPU
		Release|Any CPU = Release|Any CPU
	EndGlobalSection
	GlobalSection(ProjectConfigurationPlatforms) = postSolution
		{5255DB08-BDD4-4C77-AE6A-0342E8946DF3}.Debug|Any CPU.ActiveCfg = Debug|Any CPU
		{5255DB08-BDD4-4C77-AE6A-0342E8946DF3}.Debug|Any CPU.Build.0 = Debug|Any CPU
		{5255DB08-BDD4-4C77-AE6A-0342E8946DF3}.Release|Any CPU.ActiveCfg = Release|Any CPU
		{5255DB08-BDD4-4C77-AE6A-0342E8946DF3}.Release|Any CPU.Build.0 = Release|Any CPU
	EndGlobalSection
	GlobalSection(SolutionProperties) = preSolution
		HideSolutionNode = FALSE
	EndGlobalSection
	GlobalSection(ExtensibilityGlobals) = postSolution
		SolutionGuid = {8BC09D81-D7D2-4954-9615-9403027F6F09}
	EndGlobalSection
EndGlobal
